{
    "_readme": [
        "This file locks the dependencies of your project to a known state",
        "Read more about it at https://getcomposer.org/doc/01-basic-usage.md#installing-dependencies",
        "This file is @generated automatically"
    ],
    "content-hash": "7796c34173c801100f5d810d97f5cc4b",
    "packages": [
        {
            "name": "karriere/pdf-merge",
            "version": "dev-master",
            "source": {
                "type": "git",
                "url": "https://github.com/susom/pdf-merge",
                "reference": "8e63645430f72a5ccc221036ef7c4d6d4faaf9f7"
            },
            "require": {
                "php": "^7.4 | ^8.0",
                "tecnickcom/tcpdf": "^6.3"
            },
            "require-dev": {
                "phpstan/phpstan": "^1.8",
                "phpunit/phpunit": "^8.0 || ^9.0",
                "squizlabs/php_codesniffer": "^3.0"
            },
            "default-branch": true,
            "type": "library",
            "autoload": {
                "psr-4": {
                    "Karriere\\PdfMerge\\": "src/"
                },
                "classmap": [
                    "tcpi/fpdf_tpl.php",
                    "tcpi/tcpdi.php",
                    "tcpi/tcpdi_parser.php"
                ]
            },
            "autoload-dev": {
                "psr-4": {
                    "Karriere\\PdfMerge\\Tests\\": "tests"
                }
            },
            "scripts": {
                "test": [
                    "phpunit"
                ],
                "lint": [
                    "phpcs src/ --standard=PSR12"
                ],
                "analyse": [
                    "phpstan analyse src --level 5"
                ]
            },
            "license": [
                "Apache-2.0"
            ],
            "authors": [
                {
                    "name": "Johannes Pichler",
                    "email": "johannes.pichler@karriere.at",
                    "role": "Maintainer"
                }
            ],
            "description": "A wrapper for the TCPDF class that provides an elegant API for merging PDFs",
            "keywords": [
                "merge",
                "pdf"
            ],
            "time": "2022-10-31T18:38:42+00:00"
        },
        {
            "name": "tecnickcom/tcpdf",
            "version": "6.5.0",
            "source": {
                "type": "git",
                "url": "https://github.com/tecnickcom/TCPDF.git",
                "reference": "cc54c1503685e618b23922f53635f46e87653662"
            },
            "dist": {
                "type": "zip",
                "url": "https://api.github.com/repos/tecnickcom/TCPDF/zipball/cc54c1503685e618b23922f53635f46e87653662",
                "reference": "cc54c1503685e618b23922f53635f46e87653662",
                "shasum": ""
            },
            "require": {
                "php": ">=5.3.0"
            },
            "type": "library",
            "autoload": {
                "classmap": [
                    "config",
                    "include",
                    "tcpdf.php",
                    "tcpdf_parser.php",
                    "tcpdf_import.php",
                    "tcpdf_barcodes_1d.php",
                    "tcpdf_barcodes_2d.php",
                    "include/tcpdf_colors.php",
                    "include/tcpdf_filters.php",
                    "include/tcpdf_font_data.php",
                    "include/tcpdf_fonts.php",
                    "include/tcpdf_images.php",
                    "include/tcpdf_static.php",
                    "include/barcodes/datamatrix.php",
                    "include/barcodes/pdf417.php",
                    "include/barcodes/qrcode.php"
                ]
            },
            "notification-url": "https://packagist.org/downloads/",
            "license": [
                "LGPL-3.0-only"
            ],
            "authors": [
                {
                    "name": "Nicola Asuni",
                    "email": "info@tecnick.com",
                    "role": "lead"
                }
            ],
            "description": "TCPDF is a PHP class for generating PDF documents and barcodes.",
            "homepage": "http://www.tcpdf.org/",
            "keywords": [
                "PDFD32000-2008",
                "TCPDF",
                "barcodes",
                "datamatrix",
                "pdf",
                "pdf417",
                "qrcode"
            ],
            "support": {
                "issues": "https://github.com/tecnickcom/TCPDF/issues",
                "source": "https://github.com/tecnickcom/TCPDF/tree/6.5.0"
            },
            "funding": [
                {
                    "url": "https://www.paypal.com/cgi-bin/webscr?cmd=_donations&currency_code=GBP&business=paypal@tecnick.com&item_name=donation%20for%20tcpdf%20project",
                    "type": "custom"
                }
            ],
            "time": "2022-08-12T07:50:54+00:00"
        }
    ],
    "packages-dev": [],
    "aliases": [],
    "minimum-stability": "dev",
    "stability-flags": {
        "karriere/pdf-merge": 20
    },
    "prefer-stable": true,
    "prefer-lowest": false,
    "platform": [],
    "platform-dev": [],
    "plugin-api-version": "2.3.0"
}
